
Microsoft Visual Studio Solution File, Format Version 12.00
# Visual Studio Version 16
VisualStudioVersion = 16.0.31129.286
MinimumVisualStudioVersion = 10.0.40219.1
Project("{8BC9CEB8-8B4A-11D0-8D11-00A0C91BC942}") = "Lab03_01", "Lab03_01\Lab03_01.vcxproj", "{C83EC9DC-CE65-49DD-BFCD-378EED995CE3}"
EndProject
Project("{8BC9CEB8-8B4A-11D0-8D11-00A0C91BC942}") = "Lab03_02", "Lab03_02\Lab03_02.vcxproj", "{49B850A9-1785-4AA2-9693-E0219D1B7451}"
EndProject
Project("{8BC9CEB8-8B4A-11D0-8D11-00A0C91BC942}") = "Lab04_01", "Lab04_01\Lab04_01.vcxproj", "{BDAC182B-BCC6-4810-95DA-C45EAE556718}"
EndProject
Project("{8BC9CEB8-8B4A-11D0-8D11-00A0C91BC942}") = "Lab04_02", "Lab04_02\Lab04_02.vcxproj", "{C506CB61-965F-4B77-B971-466F4F627FE0}"
EndProject
Project("{8BC9CEB8-8B4A-11D0-8D11-00A0C91BC942}") = "Lab04_03", "Lab04_03\Lab04_03.vcxproj", "{EE79C9F5-F9B6-4DE3-A48E-7463D0A3D977}"
EndProject
Project("{8BC9CEB8-8B4A-11D0-8D11-00A0C91BC942}") = "Lab05_01", "Lab05_01\Lab05_01.vcxproj", "{62167DE9-4216-4151-A7DB-63665580D13C}"
EndProject
Project("{8BC9CEB8-8B4A-11D0-8D11-00A0C91BC942}") = "Lab05_02", "Lab05_02\Lab05_02.vcxproj", "{D702182C-917B-4CBD-87AA-4A2254B170A0}"
EndProject
Project("{8BC9CEB8-8B4A-11D0-8D11-00A0C91BC942}") = "Lab06_01", "Lab06_01\Lab06_01.vcxproj", "{2E4825D7-3604-4C73-8A3D-92B70C5FD1DE}"
EndProject
Project("{8BC9CEB8-8B4A-11D0-8D11-00A0C91BC942}") = "Lab07_01", "Lab07_01\Lab07_01.vcxproj", "{A547FED3-9799-46D2-A54B-1BEF9A0791E7}"
EndProject
Global
	GlobalSection(SolutionConfigurationPlatforms) = preSolution
		Debug|Any CPU = Debug|Any CPU
		Debug|x64 = Debug|x64
		Debug|x86 = Debug|x86
		Release|Any CPU = Release|Any CPU
		Release|x64 = Release|x64
		Release|x86 = Release|x86
	EndGlobalSection
	GlobalSection(ProjectConfigurationPlatforms) = postSolution
		{C83EC9DC-CE65-49DD-BFCD-378EED995CE3}.Debug|Any CPU.ActiveCfg = Debug|Win32
		{C83EC9DC-CE65-49DD-BFCD-378EED995CE3}.Debug|x64.ActiveCfg = Debug|x64
		{C83EC9DC-CE65-49DD-BFCD-378EED995CE3}.Debug|x64.Build.0 = Debug|x64
		{C83EC9DC-CE65-49DD-BFCD-378EED995CE3}.Debug|x86.ActiveCfg = Debug|Win32
		{C83EC9DC-CE65-49DD-BFCD-378EED995CE3}.Debug|x86.Build.0 = Debug|Win32
		{C83EC9DC-CE65-49DD-BFCD-378EED995CE3}.Release|Any CPU.ActiveCfg = Release|Win32
		{C83EC9DC-CE65-49DD-BFCD-378EED995CE3}.Release|x64.ActiveCfg = Release|x64
		{C83EC9DC-CE65-49DD-BFCD-378EED995CE3}.Release|x64.Build.0 = Release|x64
		{C83EC9DC-CE65-49DD-BFCD-378EED995CE3}.Release|x86.ActiveCfg = Release|Win32
		{C83EC9DC-CE65-49DD-BFCD-378EED995CE3}.Release|x86.Build.0 = Release|Win32
		{49B850A9-1785-4AA2-9693-E0219D1B7451}.Debug|Any CPU.ActiveCfg = Debug|Win32
		{49B850A9-1785-4AA2-9693-E0219D1B7451}.Debug|x64.ActiveCfg = Debug|x64
		{49B850A9-1785-4AA2-9693-E0219D1B7451}.Debug|x64.Build.0 = Debug|x64
		{49B850A9-1785-4AA2-9693-E0219D1B7451}.Debug|x86.ActiveCfg = Debug|Win32
		{49B850A9-1785-4AA2-9693-E0219D1B7451}.Debug|x86.Build.0 = Debug|Win32
		{49B850A9-1785-4AA2-9693-E0219D1B7451}.Release|Any CPU.ActiveCfg = Release|Win32
		{49B850A9-1785-4AA2-9693-E0219D1B7451}.Release|x64.ActiveCfg = Release|x64
		{49B850A9-1785-4AA2-9693-E0219D1B7451}.Release|x64.Build.0 = Release|x64
		{49B850A9-1785-4AA2-9693-E0219D1B7451}.Release|x86.ActiveCfg = Release|Win32
		{49B850A9-1785-4AA2-9693-E0219D1B7451}.Release|x86.Build.0 = Release|Win32
		{BDAC182B-BCC6-4810-95DA-C45EAE556718}.Debug|Any CPU.ActiveCfg = Debug|Win32
		{BDAC182B-BCC6-4810-95DA-C45EAE556718}.Debug|x64.ActiveCfg = Debug|x64
		{BDAC182B-BCC6-4810-95DA-C45EAE556718}.Debug|x64.Build.0 = Debug|x64
		{BDAC182B-BCC6-4810-95DA-C45EAE556718}.Debug|x86.ActiveCfg = Debug|Win32
		{BDAC182B-BCC6-4810-95DA-C45EAE556718}.Debug|x86.Build.0 = Debug|Win32
		{BDAC182B-BCC6-4810-95DA-C45EAE556718}.Release|Any CPU.ActiveCfg = Release|Win32
		{BDAC182B-BCC6-4810-95DA-C45EAE556718}.Release|x64.ActiveCfg = Release|x64
		{BDAC182B-BCC6-4810-95DA-C45EAE556718}.Release|x64.Build.0 = Release|x64
		{BDAC182B-BCC6-4810-95DA-C45EAE556718}.Release|x86.ActiveCfg = Release|Win32
		{BDAC182B-BCC6-4810-95DA-C45EAE556718}.Release|x86.Build.0 = Release|Win32
		{C506CB61-965F-4B77-B971-466F4F627FE0}.Debug|Any CPU.ActiveCfg = Debug|Win32
		{C506CB61-965F-4B77-B971-466F4F627FE0}.Debug|x64.ActiveCfg = Debug|x64
		{C506CB61-965F-4B77-B971-466F4F627FE0}.Debug|x64.Build.0 = Debug|x64
		{C506CB61-965F-4B77-B971-466F4F627FE0}.Debug|x86.ActiveCfg = Debug|Win32
		{C506CB61-965F-4B77-B971-466F4F627FE0}.Debug|x86.Build.0 = Debug|Win32
		{C506CB61-965F-4B77-B971-466F4F627FE0}.Release|Any CPU.ActiveCfg = Release|Win32
		{C506CB61-965F-4B77-B971-466F4F627FE0}.Release|x64.ActiveCfg = Release|x64
		{C506CB61-965F-4B77-B971-466F4F627FE0}.Release|x64.Build.0 = Release|x64
		{C506CB61-965F-4B77-B971-466F4F627FE0}.Release|x86.ActiveCfg = Release|Win32
		{C506CB61-965F-4B77-B971-466F4F627FE0}.Release|x86.Build.0 = Release|Win32
		{EE79C9F5-F9B6-4DE3-A48E-7463D0A3D977}.Debug|Any CPU.ActiveCfg = Debug|Win32
		{EE79C9F5-F9B6-4DE3-A48E-7463D0A3D977}.Debug|x64.ActiveCfg = Debug|x64
		{EE79C9F5-F9B6-4DE3-A48E-7463D0A3D977}.Debug|x64.Build.0 = Debug|x64
		{EE79C9F5-F9B6-4DE3-A48E-7463D0A3D977}.Debug|x86.ActiveCfg = Debug|Win32
		{EE79C9F5-F9B6-4DE3-A48E-7463D0A3D977}.Debug|x86.Build.0 = Debug|Win32
		{EE79C9F5-F9B6-4DE3-A48E-7463D0A3D977}.Release|Any CPU.ActiveCfg = Release|Win32
		{EE79C9F5-F9B6-4DE3-A48E-7463D0A3D977}.Release|x64.ActiveCfg = Release|x64
		{EE79C9F5-F9B6-4DE3-A48E-7463D0A3D977}.Release|x64.Build.0 = Release|x64
		{EE79C9F5-F9B6-4DE3-A48E-7463D0A3D977}.Release|x86.ActiveCfg = Release|Win32
		{EE79C9F5-F9B6-4DE3-A48E-7463D0A3D977}.Release|x86.Build.0 = Release|Win32
		{62167DE9-4216-4151-A7DB-63665580D13C}.Debug|Any CPU.ActiveCfg = Debug|Win32
		{62167DE9-4216-4151-A7DB-63665580D13C}.Debug|x64.ActiveCfg = Debug|x64
		{62167DE9-4216-4151-A7DB-63665580D13C}.Debug|x64.Build.0 = Debug|x64
		{62167DE9-4216-4151-A7DB-63665580D13C}.Debug|x86.ActiveCfg = Debug|Win32
		{62167DE9-4216-4151-A7DB-63665580D13C}.Debug|x86.Build.0 = Debug|Win32
		{62167DE9-4216-4151-A7DB-63665580D13C}.Release|Any CPU.ActiveCfg = Release|Win32
		{62167DE9-4216-4151-A7DB-63665580D13C}.Release|x64.ActiveCfg = Release|x64
		{62167DE9-4216-4151-A7DB-63665580D13C}.Release|x64.Build.0 = Release|x64
		{62167DE9-4216-4151-A7DB-63665580D13C}.Release|x86.ActiveCfg = Release|Win32
		{62167DE9-4216-4151-A7DB-63665580D13C}.Release|x86.Build.0 = Release|Win32
		{D702182C-917B-4CBD-87AA-4A2254B170A0}.Debug|Any CPU.ActiveCfg = Debug|Win32
		{D702182C-917B-4CBD-87AA-4A2254B170A0}.Debug|x64.ActiveCfg = Debug|x64
		{D702182C-917B-4CBD-87AA-4A2254B170A0}.Debug|x64.Build.0 = Debug|x64
		{D702182C-917B-4CBD-87AA-4A2254B170A0}.Debug|x86.ActiveCfg = Debug|Win32
		{D702182C-917B-4CBD-87AA-4A2254B170A0}.Debug|x86.Build.0 = Debug|Win32
		{D702182C-917B-4CBD-87AA-4A2254B170A0}.Release|Any CPU.ActiveCfg = Release|Win32
		{D702182C-917B-4CBD-87AA-4A2254B170A0}.Release|x64.ActiveCfg = Release|x64
		{D702182C-917B-4CBD-87AA-4A2254B170A0}.Release|x64.Build.0 = Release|x64
		{D702182C-917B-4CBD-87AA-4A2254B170A0}.Release|x86.ActiveCfg = Release|Win32
		{D702182C-917B-4CBD-87AA-4A2254B170A0}.Release|x86.Build.0 = Release|Win32
		{2E4825D7-3604-4C73-8A3D-92B70C5FD1DE}.Debug|Any CPU.ActiveCfg = Debug|Win32
		{2E4825D7-3604-4C73-8A3D-92B70C5FD1DE}.Debug|x64.ActiveCfg = Debug|x64
		{2E4825D7-3604-4C73-8A3D-92B70C5FD1DE}.Debug|x64.Build.0 = Debug|x64
		{2E4825D7-3604-4C73-8A3D-92B70C5FD1DE}.Debug|x86.ActiveCfg = Debug|Win32
		{2E4825D7-3604-4C73-8A3D-92B70C5FD1DE}.Debug|x86.Build.0 = Debug|Win32
		{2E4825D7-3604-4C73-8A3D-92B70C5FD1DE}.Release|Any CPU.ActiveCfg = Release|Win32
		{2E4825D7-3604-4C73-8A3D-92B70C5FD1DE}.Release|x64.ActiveCfg = Release|x64
		{2E4825D7-3604-4C73-8A3D-92B70C5FD1DE}.Release|x64.Build.0 = Release|x64
		{2E4825D7-3604-4C73-8A3D-92B70C5FD1DE}.Release|x86.ActiveCfg = Release|Win32
		{2E4825D7-3604-4C73-8A3D-92B70C5FD1DE}.Release|x86.Build.0 = Release|Win32
		{A547FED3-9799-46D2-A54B-1BEF9A0791E7}.Debug|Any CPU.ActiveCfg = Debug|Win32
		{A547FED3-9799-46D2-A54B-1BEF9A0791E7}.Debug|x64.ActiveCfg = Debug|x64
		{A547FED3-9799-46D2-A54B-1BEF9A0791E7}.Debug|x64.Build.0 = Debug|x64
		{A547FED3-9799-46D2-A54B-1BEF9A0791E7}.Debug|x86.ActiveCfg = Debug|Win32
		{A547FED3-9799-46D2-A54B-1BEF9A0791E7}.Debug|x86.Build.0 = Debug|Win32
		{A547FED3-9799-46D2-A54B-1BEF9A0791E7}.Release|Any CPU.ActiveCfg = Release|Win32
		{A547FED3-9799-46D2-A54B-1BEF9A0791E7}.Release|x64.ActiveCfg = Release|x64
		{A547FED3-9799-46D2-A54B-1BEF9A0791E7}.Release|x64.Build.0 = Release|x64
		{A547FED3-9799-46D2-A54B-1BEF9A0791E7}.Release|x86.ActiveCfg = Release|Win32
		{A547FED3-9799-46D2-A54B-1BEF9A0791E7}.Release|x86.Build.0 = Release|Win32
	EndGlobalSection
	GlobalSection(SolutionProperties) = preSolution
		HideSolutionNode = FALSE
	EndGlobalSection
	GlobalSection(ExtensibilityGlobals) = postSolution
		SolutionGuid = {A76B3285-EA3E-4392-AAEF-8185A5E3E583}
	EndGlobalSection
EndGlobal
